
Microsoft Visual Studio Solution File, Format Version 12.00
# Visual Studio Version 17
VisualStudioVersion = 17.5.33516.290
MinimumVisualStudioVersion = 10.0.40219.1
Project("{FAE04EC0-301F-11D3-BF4B-00C04F79EFBC}") = "WebPedido", "WebPedido.csproj", "{4CD41874-73E4-4A29-9198-635F5FF0F235}"
EndProject
Global
	GlobalSection(SolutionConfigurationPlatforms) = preSolution
		Debug|Any CPU = Debug|Any CPU
		Release|Any CPU = Release|Any CPU
	EndGlobalSection
	GlobalSection(ProjectConfigurationPlatforms) = postSolution
		{4CD41874-73E4-4A29-9198-635F5FF0F235}.Debug|Any CPU.ActiveCfg = Debug|Any CPU
		{4CD41874-73E4-4A29-9198-635F5FF0F235}.Debug|Any CPU.Build.0 = Debug|Any CPU
		{4CD41874-73E4-4A29-9198-635F5FF0F235}.Release|Any CPU.ActiveCfg = Release|Any CPU
		{4CD41874-73E4-4A29-9198-635F5FF0F235}.Release|Any CPU.Build.0 = Release|Any CPU
	EndGlobalSection
	GlobalSection(SolutionProperties) = preSolution
		HideSolutionNode = FALSE
	EndGlobalSection
	GlobalSection(ExtensibilityGlobals) = postSolution
		SolutionGuid = {613F09D3-BD7A-4640-8E59-3F07DAF68C94}
	EndGlobalSection
EndGlobal
